
Microsoft Visual Studio Solution File, Format Version 12.00
# Visual Studio Version 16
VisualStudioVersion = 16.0.31613.86
MinimumVisualStudioVersion = 10.0.40219.1
Project("{FAE04EC0-301F-11D3-BF4B-00C04F79EFBC}") = "VTS_API", "VTS_API.csproj", "{96285E19-B728-48C6-A3F1-BE2D7BCEC01D}"
EndProject
Global
	GlobalSection(SolutionConfigurationPlatforms) = preSolution
		Debug|Any CPU = Debug|Any CPU
		Release|Any CPU = Release|Any CPU
	EndGlobalSection
	GlobalSection(ProjectConfigurationPlatforms) = postSolution
		{96285E19-B728-48C6-A3F1-BE2D7BCEC01D}.Debug|Any CPU.ActiveCfg = Debug|Any CPU
		{96285E19-B728-48C6-A3F1-BE2D7BCEC01D}.Debug|Any CPU.Build.0 = Debug|Any CPU
		{96285E19-B728-48C6-A3F1-BE2D7BCEC01D}.Release|Any CPU.ActiveCfg = Release|Any CPU
		{96285E19-B728-48C6-A3F1-BE2D7BCEC01D}.Release|Any CPU.Build.0 = Release|Any CPU
	EndGlobalSection
	GlobalSection(SolutionProperties) = preSolution
		HideSolutionNode = FALSE
	EndGlobalSection
	GlobalSection(ExtensibilityGlobals) = postSolution
		SolutionGuid = {5B42A229-D702-4468-9F4B-A8EA9F4F8B1A}
	EndGlobalSection
EndGlobal
